
Microsoft Visual Studio Solution File, Format Version 12.00
# Visual Studio 2013
VisualStudioVersion = 12.0.31101.0
MinimumVisualStudioVersion = 10.0.40219.1
Project("{2150E333-8FDC-42A3-9474-1A3956D46DE8}") = "common", "common", "{3BB4264B-5412-4316-83E7-DDDA65C59B28}"
	ProjectSection(SolutionItems) = preProject
		..\..\Common\ext-common.targets = ..\..\Common\ext-common.targets
		..\..\Common\get-version.ps1 = ..\..\Common\get-version.ps1
	EndProjectSection
EndProject
Project("{FAE04EC0-301F-11D3-BF4B-00C04F79EFBC}") = "Legimi.Core.Utils", "..\..\..\src\Core\Legimi.Core.Utils\Legimi.Core.Utils.csproj", "{0A622B1A-A06C-43FA-983D-9EE9E9429DE5}"
EndProject
Project("{2150E333-8FDC-42A3-9474-1A3956D46DE8}") = "Solution Items", "Solution Items", "{1EA051B7-F997-4B3F-9006-357CD60AAA37}"
	ProjectSection(SolutionItems) = preProject
		nuspec.xsd = nuspec.xsd
	EndProjectSection
EndProject
Project("{FAE04EC0-301F-11D3-BF4B-00C04F79EFBC}") = "Legimi.Core.Utils.Diag", "..\..\..\src\Core\Legimi.Core.Utils.Diag\Legimi.Core.Utils.Diag.csproj", "{678181A1-BF92-46F2-8D71-E3F5057042AB}"
EndProject
Project("{FAE04EC0-301F-11D3-BF4B-00C04F79EFBC}") = "Legimi.Core.Utils.Concurrent", "..\..\..\src\Core\Legimi.Core.Utils.Concurrent\Legimi.Core.Utils.Concurrent.csproj", "{F2E9BC9B-16A8-4FF8-AFF6-B72B0E36646D}"
EndProject
Project("{FAE04EC0-301F-11D3-BF4B-00C04F79EFBC}") = "Legimi.Core.Epub", "..\..\..\src\Core\Legimi.Core.Epub\Legimi.Core.Epub.csproj", "{E31921B6-1BA5-49E9-801F-22ECD7841DDD}"
EndProject
Project("{FAE04EC0-301F-11D3-BF4B-00C04F79EFBC}") = "Legimi.Core.Css", "..\..\..\src\Core\Legimi.Core.Css\Legimi.Core.Css.csproj", "{38971E28-3483-465F-9FC3-69F9E733B743}"
EndProject
Project("{FAE04EC0-301F-11D3-BF4B-00C04F79EFBC}") = "HTMLparserLibDotNet20", "..\..\..\..\ThirdParty\HTMLparser\HTMLparserLibDotNet20.csproj", "{499C0FA8-9B6C-4590-926B-FF5061AE6C18}"
EndProject
Project("{2150E333-8FDC-42A3-9474-1A3956D46DE8}") = "ThirdParty", "ThirdParty", "{9364934C-2D3A-451D-8C82-177218CBE9DD}"
EndProject
Project("{FAE04EC0-301F-11D3-BF4B-00C04F79EFBC}") = "IonicZip", "..\..\..\..\ThirdParty\IonicZip\IonicZip\IonicZip.csproj", "{8B8E0686-9266-4D09-9CDE-10E759571E4F}"
EndProject
Project("{FAE04EC0-301F-11D3-BF4B-00C04F79EFBC}") = "Legimi.Core.Mobi", "..\..\..\src\Core\Legimi.Core.Mobi\Legimi.Core.Mobi.csproj", "{94E7DA4D-27BB-4FA0-AE95-47BBA597C20B}"
EndProject
Project("{FAE04EC0-301F-11D3-BF4B-00C04F79EFBC}") = "Legimi.Core.Watermark", "..\..\..\src\Core\Legimi.Core.Watermark\Legimi.Core.Watermark\Legimi.Core.Watermark.csproj", "{64019F0D-A399-484E-9011-312F2B211525}"
EndProject
Global
	GlobalSection(SolutionConfigurationPlatforms) = preSolution
		Debug|Any CPU = Debug|Any CPU
		Debug|boox = Debug|boox
		Debug|boox-1.4 = Debug|boox-1.4
		Debug|iliad = Debug|iliad
		Debug|PC = Debug|PC
		Debug-Mono|Any CPU = Debug-Mono|Any CPU
		Debug-Mono|boox = Debug-Mono|boox
		Debug-Mono|boox-1.4 = Debug-Mono|boox-1.4
		Debug-Mono|iliad = Debug-Mono|iliad
		Debug-Mono|PC = Debug-Mono|PC
		Eco|Any CPU = Eco|Any CPU
		Eco|boox = Eco|boox
		Eco|boox-1.4 = Eco|boox-1.4
		Eco|iliad = Eco|iliad
		Eco|PC = Eco|PC
		Platon-Debug|Any CPU = Platon-Debug|Any CPU
		Platon-Debug|boox = Platon-Debug|boox
		Platon-Debug|boox-1.4 = Platon-Debug|boox-1.4
		Platon-Debug|iliad = Platon-Debug|iliad
		Platon-Debug|PC = Platon-Debug|PC
		Release|Any CPU = Release|Any CPU
		Release|boox = Release|boox
		Release|boox-1.4 = Release|boox-1.4
		Release|iliad = Release|iliad
		Release|PC = Release|PC
		Release-Demo|Any CPU = Release-Demo|Any CPU
		Release-Demo|boox = Release-Demo|boox
		Release-Demo|boox-1.4 = Release-Demo|boox-1.4
		Release-Demo|iliad = Release-Demo|iliad
		Release-Demo|PC = Release-Demo|PC
		Release-Mono|Any CPU = Release-Mono|Any CPU
		Release-Mono|boox = Release-Mono|boox
		Release-Mono|boox-1.4 = Release-Mono|boox-1.4
		Release-Mono|iliad = Release-Mono|iliad
		Release-Mono|PC = Release-Mono|PC
	EndGlobalSection
	GlobalSection(ProjectConfigurationPlatforms) = postSolution
		{0A622B1A-A06C-43FA-983D-9EE9E9429DE5}.Debug|Any CPU.ActiveCfg = Debug|Any CPU
		{0A622B1A-A06C-43FA-983D-9EE9E9429DE5}.Debug|Any CPU.Build.0 = Debug|Any CPU
		{0A622B1A-A06C-43FA-983D-9EE9E9429DE5}.Debug|boox.ActiveCfg = Debug|boox
		{0A622B1A-A06C-43FA-983D-9EE9E9429DE5}.Debug|boox.Build.0 = Debug|boox
		{0A622B1A-A06C-43FA-983D-9EE9E9429DE5}.Debug|boox-1.4.ActiveCfg = Debug|boox-1.4
		{0A622B1A-A06C-43FA-983D-9EE9E9429DE5}.Debug|boox-1.4.Build.0 = Debug|boox-1.4
		{0A622B1A-A06C-43FA-983D-9EE9E9429DE5}.Debug|iliad.ActiveCfg = Debug|iliad
		{0A622B1A-A06C-43FA-983D-9EE9E9429DE5}.Debug|iliad.Build.0 = Debug|iliad
		{0A622B1A-A06C-43FA-983D-9EE9E9429DE5}.Debug|PC.ActiveCfg = Debug|PC
		{0A622B1A-A06C-43FA-983D-9EE9E9429DE5}.Debug|PC.Build.0 = Debug|PC
		{0A622B1A-A06C-43FA-983D-9EE9E9429DE5}.Debug-Mono|Any CPU.ActiveCfg = Debug-Mono|Any CPU
		{0A622B1A-A06C-43FA-983D-9EE9E9429DE5}.Debug-Mono|Any CPU.Build.0 = Debug-Mono|Any CPU
		{0A622B1A-A06C-43FA-983D-9EE9E9429DE5}.Debug-Mono|boox.ActiveCfg = Debug-Mono|boox
		{0A622B1A-A06C-43FA-983D-9EE9E9429DE5}.Debug-Mono|boox.Build.0 = Debug-Mono|boox
		{0A622B1A-A06C-43FA-983D-9EE9E9429DE5}.Debug-Mono|boox-1.4.ActiveCfg = Debug-Mono|boox-1.4
		{0A622B1A-A06C-43FA-983D-9EE9E9429DE5}.Debug-Mono|boox-1.4.Build.0 = Debug-Mono|boox-1.4
		{0A622B1A-A06C-43FA-983D-9EE9E9429DE5}.Debug-Mono|iliad.ActiveCfg = Debug-Mono|iliad
		{0A622B1A-A06C-43FA-983D-9EE9E9429DE5}.Debug-Mono|iliad.Build.0 = Debug-Mono|iliad
		{0A622B1A-A06C-43FA-983D-9EE9E9429DE5}.Debug-Mono|PC.ActiveCfg = Debug-Mono|PC
		{0A622B1A-A06C-43FA-983D-9EE9E9429DE5}.Debug-Mono|PC.Build.0 = Debug-Mono|PC
		{0A622B1A-A06C-43FA-983D-9EE9E9429DE5}.Eco|Any CPU.ActiveCfg = Eco|Any CPU
		{0A622B1A-A06C-43FA-983D-9EE9E9429DE5}.Eco|Any CPU.Build.0 = Eco|Any CPU
		{0A622B1A-A06C-43FA-983D-9EE9E9429DE5}.Eco|boox.ActiveCfg = Eco|boox
		{0A622B1A-A06C-43FA-983D-9EE9E9429DE5}.Eco|boox.Build.0 = Eco|boox
		{0A622B1A-A06C-43FA-983D-9EE9E9429DE5}.Eco|boox-1.4.ActiveCfg = Eco|boox-1.4
		{0A622B1A-A06C-43FA-983D-9EE9E9429DE5}.Eco|boox-1.4.Build.0 = Eco|boox-1.4
		{0A622B1A-A06C-43FA-983D-9EE9E9429DE5}.Eco|iliad.ActiveCfg = Eco|iliad
		{0A622B1A-A06C-43FA-983D-9EE9E9429DE5}.Eco|iliad.Build.0 = Eco|iliad
		{0A622B1A-A06C-43FA-983D-9EE9E9429DE5}.Eco|PC.ActiveCfg = Eco|PC
		{0A622B1A-A06C-43FA-983D-9EE9E9429DE5}.Eco|PC.Build.0 = Eco|PC
		{0A622B1A-A06C-43FA-983D-9EE9E9429DE5}.Platon-Debug|Any CPU.ActiveCfg = Platon-Debug|Any CPU
		{0A622B1A-A06C-43FA-983D-9EE9E9429DE5}.Platon-Debug|Any CPU.Build.0 = Platon-Debug|Any CPU
		{0A622B1A-A06C-43FA-983D-9EE9E9429DE5}.Platon-Debug|boox.ActiveCfg = Platon-Debug|boox
		{0A622B1A-A06C-43FA-983D-9EE9E9429DE5}.Platon-Debug|boox.Build.0 = Platon-Debug|boox
		{0A622B1A-A06C-43FA-983D-9EE9E9429DE5}.Platon-Debug|boox-1.4.ActiveCfg = Platon-Debug|boox-1.4
		{0A622B1A-A06C-43FA-983D-9EE9E9429DE5}.Platon-Debug|boox-1.4.Build.0 = Platon-Debug|boox-1.4
		{0A622B1A-A06C-43FA-983D-9EE9E9429DE5}.Platon-Debug|iliad.ActiveCfg = Platon-Debug|iliad
		{0A622B1A-A06C-43FA-983D-9EE9E9429DE5}.Platon-Debug|iliad.Build.0 = Platon-Debug|iliad
		{0A622B1A-A06C-43FA-983D-9EE9E9429DE5}.Platon-Debug|PC.ActiveCfg = Platon-Debug|PC
		{0A622B1A-A06C-43FA-983D-9EE9E9429DE5}.Platon-Debug|PC.Build.0 = Platon-Debug|PC
		{0A622B1A-A06C-43FA-983D-9EE9E9429DE5}.Release|Any CPU.ActiveCfg = Release|Any CPU
		{0A622B1A-A06C-43FA-983D-9EE9E9429DE5}.Release|Any CPU.Build.0 = Release|Any CPU
		{0A622B1A-A06C-43FA-983D-9EE9E9429DE5}.Release|boox.ActiveCfg = Release|boox
		{0A622B1A-A06C-43FA-983D-9EE9E9429DE5}.Release|boox.Build.0 = Release|boox
		{0A622B1A-A06C-43FA-983D-9EE9E9429DE5}.Release|boox-1.4.ActiveCfg = Release|boox-1.4
		{0A622B1A-A06C-43FA-983D-9EE9E9429DE5}.Release|boox-1.4.Build.0 = Release|boox-1.4
		{0A622B1A-A06C-43FA-983D-9EE9E9429DE5}.Release|iliad.ActiveCfg = Release|iliad
		{0A622B1A-A06C-43FA-983D-9EE9E9429DE5}.Release|iliad.Build.0 = Release|iliad
		{0A622B1A-A06C-43FA-983D-9EE9E9429DE5}.Release|PC.ActiveCfg = Release|PC
		{0A622B1A-A06C-43FA-983D-9EE9E9429DE5}.Release|PC.Build.0 = Release|PC
		{0A622B1A-A06C-43FA-983D-9EE9E9429DE5}.Release-Demo|Any CPU.ActiveCfg = Release-Mono|Any CPU
		{0A622B1A-A06C-43FA-983D-9EE9E9429DE5}.Release-Demo|Any CPU.Build.0 = Release-Mono|Any CPU
		{0A622B1A-A06C-43FA-983D-9EE9E9429DE5}.Release-Demo|boox.ActiveCfg = Release-Mono|boox
		{0A622B1A-A06C-43FA-983D-9EE9E9429DE5}.Release-Demo|boox.Build.0 = Release-Mono|boox
		{0A622B1A-A06C-43FA-983D-9EE9E9429DE5}.Release-Demo|boox-1.4.ActiveCfg = Release-Mono|boox-1.4
		{0A622B1A-A06C-43FA-983D-9EE9E9429DE5}.Release-Demo|boox-1.4.Build.0 = Release-Mono|boox-1.4
		{0A622B1A-A06C-43FA-983D-9EE9E9429DE5}.Release-Demo|iliad.ActiveCfg = Release-Mono|iliad
		{0A622B1A-A06C-43FA-983D-9EE9E9429DE5}.Release-Demo|iliad.Build.0 = Release-Mono|iliad
		{0A622B1A-A06C-43FA-983D-9EE9E9429DE5}.Release-Demo|PC.ActiveCfg = Release-Mono|PC
		{0A622B1A-A06C-43FA-983D-9EE9E9429DE5}.Release-Demo|PC.Build.0 = Release-Mono|PC
		{0A622B1A-A06C-43FA-983D-9EE9E9429DE5}.Release-Mono|Any CPU.ActiveCfg = Release-Mono|Any CPU
		{0A622B1A-A06C-43FA-983D-9EE9E9429DE5}.Release-Mono|Any CPU.Build.0 = Release-Mono|Any CPU
		{0A622B1A-A06C-43FA-983D-9EE9E9429DE5}.Release-Mono|boox.ActiveCfg = Release-Mono|boox
		{0A622B1A-A06C-43FA-983D-9EE9E9429DE5}.Release-Mono|boox.Build.0 = Release-Mono|boox
		{0A622B1A-A06C-43FA-983D-9EE9E9429DE5}.Release-Mono|boox-1.4.ActiveCfg = Release-Mono|boox-1.4
		{0A622B1A-A06C-43FA-983D-9EE9E9429DE5}.Release-Mono|boox-1.4.Build.0 = Release-Mono|boox-1.4
		{0A622B1A-A06C-43FA-983D-9EE9E9429DE5}.Release-Mono|iliad.ActiveCfg = Release-Mono|iliad
		{0A622B1A-A06C-43FA-983D-9EE9E9429DE5}.Release-Mono|iliad.Build.0 = Release-Mono|iliad
		{0A622B1A-A06C-43FA-983D-9EE9E9429DE5}.Release-Mono|PC.ActiveCfg = Release-Mono|PC
		{0A622B1A-A06C-43FA-983D-9EE9E9429DE5}.Release-Mono|PC.Build.0 = Release-Mono|PC
		{678181A1-BF92-46F2-8D71-E3F5057042AB}.Debug|Any CPU.ActiveCfg = Debug|Any CPU
		{678181A1-BF92-46F2-8D71-E3F5057042AB}.Debug|Any CPU.Build.0 = Debug|Any CPU
		{678181A1-BF92-46F2-8D71-E3F5057042AB}.Debug|boox.ActiveCfg = Debug|boox
		{678181A1-BF92-46F2-8D71-E3F5057042AB}.Debug|boox.Build.0 = Debug|boox
		{678181A1-BF92-46F2-8D71-E3F5057042AB}.Debug|boox-1.4.ActiveCfg = Debug|boox-1.4
		{678181A1-BF92-46F2-8D71-E3F5057042AB}.Debug|boox-1.4.Build.0 = Debug|boox-1.4
		{678181A1-BF92-46F2-8D71-E3F5057042AB}.Debug|iliad.ActiveCfg = Debug|iliad
		{678181A1-BF92-46F2-8D71-E3F5057042AB}.Debug|iliad.Build.0 = Debug|iliad
		{678181A1-BF92-46F2-8D71-E3F5057042AB}.Debug|PC.ActiveCfg = Debug|PC
		{678181A1-BF92-46F2-8D71-E3F5057042AB}.Debug|PC.Build.0 = Debug|PC
		{678181A1-BF92-46F2-8D71-E3F5057042AB}.Debug-Mono|Any CPU.ActiveCfg = Debug-Mono|Any CPU
		{678181A1-BF92-46F2-8D71-E3F5057042AB}.Debug-Mono|Any CPU.Build.0 = Debug-Mono|Any CPU
		{678181A1-BF92-46F2-8D71-E3F5057042AB}.Debug-Mono|boox.ActiveCfg = Debug-Mono|boox
		{678181A1-BF92-46F2-8D71-E3F5057042AB}.Debug-Mono|boox.Build.0 = Debug-Mono|boox
		{678181A1-BF92-46F2-8D71-E3F5057042AB}.Debug-Mono|boox-1.4.ActiveCfg = Debug-Mono|boox-1.4
		{678181A1-BF92-46F2-8D71-E3F5057042AB}.Debug-Mono|boox-1.4.Build.0 = Debug-Mono|boox-1.4
		{678181A1-BF92-46F2-8D71-E3F5057042AB}.Debug-Mono|iliad.ActiveCfg = Debug-Mono|iliad
		{678181A1-BF92-46F2-8D71-E3F5057042AB}.Debug-Mono|iliad.Build.0 = Debug-Mono|iliad
		{678181A1-BF92-46F2-8D71-E3F5057042AB}.Debug-Mono|PC.ActiveCfg = Debug-Mono|PC
		{678181A1-BF92-46F2-8D71-E3F5057042AB}.Debug-Mono|PC.Build.0 = Debug-Mono|PC
		{678181A1-BF92-46F2-8D71-E3F5057042AB}.Eco|Any CPU.ActiveCfg = Eco|Any CPU
		{678181A1-BF92-46F2-8D71-E3F5057042AB}.Eco|Any CPU.Build.0 = Eco|Any CPU
		{678181A1-BF92-46F2-8D71-E3F5057042AB}.Eco|boox.ActiveCfg = Eco|boox
		{678181A1-BF92-46F2-8D71-E3F5057042AB}.Eco|boox.Build.0 = Eco|boox
		{678181A1-BF92-46F2-8D71-E3F5057042AB}.Eco|boox-1.4.ActiveCfg = Eco|boox-1.4
		{678181A1-BF92-46F2-8D71-E3F5057042AB}.Eco|boox-1.4.Build.0 = Eco|boox-1.4
		{678181A1-BF92-46F2-8D71-E3F5057042AB}.Eco|iliad.ActiveCfg = Eco|iliad
		{678181A1-BF92-46F2-8D71-E3F5057042AB}.Eco|iliad.Build.0 = Eco|iliad
		{678181A1-BF92-46F2-8D71-E3F5057042AB}.Eco|PC.ActiveCfg = Eco|PC
		{678181A1-BF92-46F2-8D71-E3F5057042AB}.Eco|PC.Build.0 = Eco|PC
		{678181A1-BF92-46F2-8D71-E3F5057042AB}.Platon-Debug|Any CPU.ActiveCfg = Debug|Any CPU
		{678181A1-BF92-46F2-8D71-E3F5057042AB}.Platon-Debug|Any CPU.Build.0 = Debug|Any CPU
		{678181A1-BF92-46F2-8D71-E3F5057042AB}.Platon-Debug|boox.ActiveCfg = Debug|boox
		{678181A1-BF92-46F2-8D71-E3F5057042AB}.Platon-Debug|boox.Build.0 = Debug|boox
		{678181A1-BF92-46F2-8D71-E3F5057042AB}.Platon-Debug|boox-1.4.ActiveCfg = Debug|boox-1.4
		{678181A1-BF92-46F2-8D71-E3F5057042AB}.Platon-Debug|boox-1.4.Build.0 = Debug|boox-1.4
		{678181A1-BF92-46F2-8D71-E3F5057042AB}.Platon-Debug|iliad.ActiveCfg = Debug|iliad
		{678181A1-BF92-46F2-8D71-E3F5057042AB}.Platon-Debug|iliad.Build.0 = Debug|iliad
		{678181A1-BF92-46F2-8D71-E3F5057042AB}.Platon-Debug|PC.ActiveCfg = Debug|PC
		{678181A1-BF92-46F2-8D71-E3F5057042AB}.Platon-Debug|PC.Build.0 = Debug|PC
		{678181A1-BF92-46F2-8D71-E3F5057042AB}.Release|Any CPU.ActiveCfg = Release|Any CPU
		{678181A1-BF92-46F2-8D71-E3F5057042AB}.Release|Any CPU.Build.0 = Release|Any CPU
		{678181A1-BF92-46F2-8D71-E3F5057042AB}.Release|boox.ActiveCfg = Release|boox
		{678181A1-BF92-46F2-8D71-E3F5057042AB}.Release|boox.Build.0 = Release|boox
		{678181A1-BF92-46F2-8D71-E3F5057042AB}.Release|boox-1.4.ActiveCfg = Release|boox-1.4
		{678181A1-BF92-46F2-8D71-E3F5057042AB}.Release|boox-1.4.Build.0 = Release|boox-1.4
		{678181A1-BF92-46F2-8D71-E3F5057042AB}.Release|iliad.ActiveCfg = Release|iliad
		{678181A1-BF92-46F2-8D71-E3F5057042AB}.Release|iliad.Build.0 = Release|iliad
		{678181A1-BF92-46F2-8D71-E3F5057042AB}.Release|PC.ActiveCfg = Release|PC
		{678181A1-BF92-46F2-8D71-E3F5057042AB}.Release|PC.Build.0 = Release|PC
		{678181A1-BF92-46F2-8D71-E3F5057042AB}.Release-Demo|Any CPU.ActiveCfg = Release-Mono|Any CPU
		{678181A1-BF92-46F2-8D71-E3F5057042AB}.Release-Demo|Any CPU.Build.0 = Release-Mono|Any CPU
		{678181A1-BF92-46F2-8D71-E3F5057042AB}.Release-Demo|boox.ActiveCfg = Release-Mono|boox
		{678181A1-BF92-46F2-8D71-E3F5057042AB}.Release-Demo|boox.Build.0 = Release-Mono|boox
		{678181A1-BF92-46F2-8D71-E3F5057042AB}.Release-Demo|boox-1.4.ActiveCfg = Release-Mono|boox-1.4
		{678181A1-BF92-46F2-8D71-E3F5057042AB}.Release-Demo|boox-1.4.Build.0 = Release-Mono|boox-1.4
		{678181A1-BF92-46F2-8D71-E3F5057042AB}.Release-Demo|iliad.ActiveCfg = Release-Mono|iliad
		{678181A1-BF92-46F2-8D71-E3F5057042AB}.Release-Demo|iliad.Build.0 = Release-Mono|iliad
		{678181A1-BF92-46F2-8D71-E3F5057042AB}.Release-Demo|PC.ActiveCfg = Release-Mono|PC
		{678181A1-BF92-46F2-8D71-E3F5057042AB}.Release-Demo|PC.Build.0 = Release-Mono|PC
		{678181A1-BF92-46F2-8D71-E3F5057042AB}.Release-Mono|Any CPU.ActiveCfg = Release-Mono|Any CPU
		{678181A1-BF92-46F2-8D71-E3F5057042AB}.Release-Mono|Any CPU.Build.0 = Release-Mono|Any CPU
		{678181A1-BF92-46F2-8D71-E3F5057042AB}.Release-Mono|boox.ActiveCfg = Release-Mono|boox
		{678181A1-BF92-46F2-8D71-E3F5057042AB}.Release-Mono|boox.Build.0 = Release-Mono|boox
		{678181A1-BF92-46F2-8D71-E3F5057042AB}.Release-Mono|boox-1.4.ActiveCfg = Release-Mono|boox-1.4
		{678181A1-BF92-46F2-8D71-E3F5057042AB}.Release-Mono|boox-1.4.Build.0 = Release-Mono|boox-1.4
		{678181A1-BF92-46F2-8D71-E3F5057042AB}.Release-Mono|iliad.ActiveCfg = Release-Mono|iliad
		{678181A1-BF92-46F2-8D71-E3F5057042AB}.Release-Mono|iliad.Build.0 = Release-Mono|iliad
		{678181A1-BF92-46F2-8D71-E3F5057042AB}.Release-Mono|PC.ActiveCfg = Release-Mono|PC
		{678181A1-BF92-46F2-8D71-E3F5057042AB}.Release-Mono|PC.Build.0 = Release-Mono|PC
		{F2E9BC9B-16A8-4FF8-AFF6-B72B0E36646D}.Debug|Any CPU.ActiveCfg = Debug|Any CPU
		{F2E9BC9B-16A8-4FF8-AFF6-B72B0E36646D}.Debug|Any CPU.Build.0 = Debug|Any CPU
		{F2E9BC9B-16A8-4FF8-AFF6-B72B0E36646D}.Debug|boox.ActiveCfg = Debug|boox
		{F2E9BC9B-16A8-4FF8-AFF6-B72B0E36646D}.Debug|boox.Build.0 = Debug|boox
		{F2E9BC9B-16A8-4FF8-AFF6-B72B0E36646D}.Debug|boox-1.4.ActiveCfg = Debug|boox-1.4
		{F2E9BC9B-16A8-4FF8-AFF6-B72B0E36646D}.Debug|boox-1.4.Build.0 = Debug|boox-1.4
		{F2E9BC9B-16A8-4FF8-AFF6-B72B0E36646D}.Debug|iliad.ActiveCfg = Debug|iliad
		{F2E9BC9B-16A8-4FF8-AFF6-B72B0E36646D}.Debug|iliad.Build.0 = Debug|iliad
		{F2E9BC9B-16A8-4FF8-AFF6-B72B0E36646D}.Debug|PC.ActiveCfg = Debug|PC
		{F2E9BC9B-16A8-4FF8-AFF6-B72B0E36646D}.Debug|PC.Build.0 = Debug|PC
		{F2E9BC9B-16A8-4FF8-AFF6-B72B0E36646D}.Debug-Mono|Any CPU.ActiveCfg = Debug-Mono|Any CPU
		{F2E9BC9B-16A8-4FF8-AFF6-B72B0E36646D}.Debug-Mono|Any CPU.Build.0 = Debug-Mono|Any CPU
		{F2E9BC9B-16A8-4FF8-AFF6-B72B0E36646D}.Debug-Mono|boox.ActiveCfg = Debug-Mono|boox
		{F2E9BC9B-16A8-4FF8-AFF6-B72B0E36646D}.Debug-Mono|boox.Build.0 = Debug-Mono|boox
		{F2E9BC9B-16A8-4FF8-AFF6-B72B0E36646D}.Debug-Mono|boox-1.4.ActiveCfg = Debug-Mono|boox-1.4
		{F2E9BC9B-16A8-4FF8-AFF6-B72B0E36646D}.Debug-Mono|boox-1.4.Build.0 = Debug-Mono|boox-1.4
		{F2E9BC9B-16A8-4FF8-AFF6-B72B0E36646D}.Debug-Mono|iliad.ActiveCfg = Debug-Mono|iliad
		{F2E9BC9B-16A8-4FF8-AFF6-B72B0E36646D}.Debug-Mono|iliad.Build.0 = Debug-Mono|iliad
		{F2E9BC9B-16A8-4FF8-AFF6-B72B0E36646D}.Debug-Mono|PC.ActiveCfg = Debug-Mono|PC
		{F2E9BC9B-16A8-4FF8-AFF6-B72B0E36646D}.Debug-Mono|PC.Build.0 = Debug-Mono|PC
		{F2E9BC9B-16A8-4FF8-AFF6-B72B0E36646D}.Eco|Any CPU.ActiveCfg = Eco|Any CPU
		{F2E9BC9B-16A8-4FF8-AFF6-B72B0E36646D}.Eco|Any CPU.Build.0 = Eco|Any CPU
		{F2E9BC9B-16A8-4FF8-AFF6-B72B0E36646D}.Eco|boox.ActiveCfg = Eco|boox
		{F2E9BC9B-16A8-4FF8-AFF6-B72B0E36646D}.Eco|boox.Build.0 = Eco|boox
		{F2E9BC9B-16A8-4FF8-AFF6-B72B0E36646D}.Eco|boox-1.4.ActiveCfg = Eco|boox-1.4
		{F2E9BC9B-16A8-4FF8-AFF6-B72B0E36646D}.Eco|boox-1.4.Build.0 = Eco|boox-1.4
		{F2E9BC9B-16A8-4FF8-AFF6-B72B0E36646D}.Eco|iliad.ActiveCfg = Eco|iliad
		{F2E9BC9B-16A8-4FF8-AFF6-B72B0E36646D}.Eco|iliad.Build.0 = Eco|iliad
		{F2E9BC9B-16A8-4FF8-AFF6-B72B0E36646D}.Eco|PC.ActiveCfg = Eco|PC
		{F2E9BC9B-16A8-4FF8-AFF6-B72B0E36646D}.Eco|PC.Build.0 = Eco|PC
		{F2E9BC9B-16A8-4FF8-AFF6-B72B0E36646D}.Platon-Debug|Any CPU.ActiveCfg = Debug|Any CPU
		{F2E9BC9B-16A8-4FF8-AFF6-B72B0E36646D}.Platon-Debug|Any CPU.Build.0 = Debug|Any CPU
		{F2E9BC9B-16A8-4FF8-AFF6-B72B0E36646D}.Platon-Debug|boox.ActiveCfg = Debug|boox
		{F2E9BC9B-16A8-4FF8-AFF6-B72B0E36646D}.Platon-Debug|boox.Build.0 = Debug|boox
		{F2E9BC9B-16A8-4FF8-AFF6-B72B0E36646D}.Platon-Debug|boox-1.4.ActiveCfg = Debug|boox-1.4
		{F2E9BC9B-16A8-4FF8-AFF6-B72B0E36646D}.Platon-Debug|boox-1.4.Build.0 = Debug|boox-1.4
		{F2E9BC9B-16A8-4FF8-AFF6-B72B0E36646D}.Platon-Debug|iliad.ActiveCfg = Debug|iliad
		{F2E9BC9B-16A8-4FF8-AFF6-B72B0E36646D}.Platon-Debug|iliad.Build.0 = Debug|iliad
		{F2E9BC9B-16A8-4FF8-AFF6-B72B0E36646D}.Platon-Debug|PC.ActiveCfg = Debug|PC
		{F2E9BC9B-16A8-4FF8-AFF6-B72B0E36646D}.Platon-Debug|PC.Build.0 = Debug|PC
		{F2E9BC9B-16A8-4FF8-AFF6-B72B0E36646D}.Release|Any CPU.ActiveCfg = Release|Any CPU
		{F2E9BC9B-16A8-4FF8-AFF6-B72B0E36646D}.Release|Any CPU.Build.0 = Release|Any CPU
		{F2E9BC9B-16A8-4FF8-AFF6-B72B0E36646D}.Release|boox.ActiveCfg = Release|boox
		{F2E9BC9B-16A8-4FF8-AFF6-B72B0E36646D}.Release|boox.Build.0 = Release|boox
		{F2E9BC9B-16A8-4FF8-AFF6-B72B0E36646D}.Release|boox-1.4.ActiveCfg = Release|boox-1.4
		{F2E9BC9B-16A8-4FF8-AFF6-B72B0E36646D}.Release|boox-1.4.Build.0 = Release|boox-1.4
		{F2E9BC9B-16A8-4FF8-AFF6-B72B0E36646D}.Release|iliad.ActiveCfg = Release|iliad
		{F2E9BC9B-16A8-4FF8-AFF6-B72B0E36646D}.Release|iliad.Build.0 = Release|iliad
		{F2E9BC9B-16A8-4FF8-AFF6-B72B0E36646D}.Release|PC.ActiveCfg = Release|PC
		{F2E9BC9B-16A8-4FF8-AFF6-B72B0E36646D}.Release|PC.Build.0 = Release|PC
		{F2E9BC9B-16A8-4FF8-AFF6-B72B0E36646D}.Release-Demo|Any CPU.ActiveCfg = Release-Mono|Any CPU
		{F2E9BC9B-16A8-4FF8-AFF6-B72B0E36646D}.Release-Demo|Any CPU.Build.0 = Release-Mono|Any CPU
		{F2E9BC9B-16A8-4FF8-AFF6-B72B0E36646D}.Release-Demo|boox.ActiveCfg = Release-Mono|boox
		{F2E9BC9B-16A8-4FF8-AFF6-B72B0E36646D}.Release-Demo|boox.Build.0 = Release-Mono|boox
		{F2E9BC9B-16A8-4FF8-AFF6-B72B0E36646D}.Release-Demo|boox-1.4.ActiveCfg = Release-Mono|boox-1.4
		{F2E9BC9B-16A8-4FF8-AFF6-B72B0E36646D}.Release-Demo|boox-1.4.Build.0 = Release-Mono|boox-1.4
		{F2E9BC9B-16A8-4FF8-AFF6-B72B0E36646D}.Release-Demo|iliad.ActiveCfg = Release-Mono|iliad
		{F2E9BC9B-16A8-4FF8-AFF6-B72B0E36646D}.Release-Demo|iliad.Build.0 = Release-Mono|iliad
		{F2E9BC9B-16A8-4FF8-AFF6-B72B0E36646D}.Release-Demo|PC.ActiveCfg = Release-Mono|PC
		{F2E9BC9B-16A8-4FF8-AFF6-B72B0E36646D}.Release-Demo|PC.Build.0 = Release-Mono|PC
		{F2E9BC9B-16A8-4FF8-AFF6-B72B0E36646D}.Release-Mono|Any CPU.ActiveCfg = Release-Mono|Any CPU
		{F2E9BC9B-16A8-4FF8-AFF6-B72B0E36646D}.Release-Mono|Any CPU.Build.0 = Release-Mono|Any CPU
		{F2E9BC9B-16A8-4FF8-AFF6-B72B0E36646D}.Release-Mono|boox.ActiveCfg = Release-Mono|boox
		{F2E9BC9B-16A8-4FF8-AFF6-B72B0E36646D}.Release-Mono|boox.Build.0 = Release-Mono|boox
		{F2E9BC9B-16A8-4FF8-AFF6-B72B0E36646D}.Release-Mono|boox-1.4.ActiveCfg = Release-Mono|boox-1.4
		{F2E9BC9B-16A8-4FF8-AFF6-B72B0E36646D}.Release-Mono|boox-1.4.Build.0 = Release-Mono|boox-1.4
		{F2E9BC9B-16A8-4FF8-AFF6-B72B0E36646D}.Release-Mono|iliad.ActiveCfg = Release-Mono|iliad
		{F2E9BC9B-16A8-4FF8-AFF6-B72B0E36646D}.Release-Mono|iliad.Build.0 = Release-Mono|iliad
		{F2E9BC9B-16A8-4FF8-AFF6-B72B0E36646D}.Release-Mono|PC.ActiveCfg = Release-Mono|PC
		{F2E9BC9B-16A8-4FF8-AFF6-B72B0E36646D}.Release-Mono|PC.Build.0 = Release-Mono|PC
		{E31921B6-1BA5-49E9-801F-22ECD7841DDD}.Debug|Any CPU.ActiveCfg = Debug|Any CPU
		{E31921B6-1BA5-49E9-801F-22ECD7841DDD}.Debug|Any CPU.Build.0 = Debug|Any CPU
		{E31921B6-1BA5-49E9-801F-22ECD7841DDD}.Debug|boox.ActiveCfg = Debug|Any CPU
		{E31921B6-1BA5-49E9-801F-22ECD7841DDD}.Debug|boox-1.4.ActiveCfg = Debug|Any CPU
		{E31921B6-1BA5-49E9-801F-22ECD7841DDD}.Debug|iliad.ActiveCfg = Debug|Any CPU
		{E31921B6-1BA5-49E9-801F-22ECD7841DDD}.Debug|PC.ActiveCfg = Debug|Any CPU
		{E31921B6-1BA5-49E9-801F-22ECD7841DDD}.Debug-Mono|Any CPU.ActiveCfg = Debug|Any CPU
		{E31921B6-1BA5-49E9-801F-22ECD7841DDD}.Debug-Mono|Any CPU.Build.0 = Debug|Any CPU
		{E31921B6-1BA5-49E9-801F-22ECD7841DDD}.Debug-Mono|boox.ActiveCfg = Debug|Any CPU
		{E31921B6-1BA5-49E9-801F-22ECD7841DDD}.Debug-Mono|boox-1.4.ActiveCfg = Debug|Any CPU
		{E31921B6-1BA5-49E9-801F-22ECD7841DDD}.Debug-Mono|iliad.ActiveCfg = Debug|Any CPU
		{E31921B6-1BA5-49E9-801F-22ECD7841DDD}.Debug-Mono|PC.ActiveCfg = Debug|Any CPU
		{E31921B6-1BA5-49E9-801F-22ECD7841DDD}.Eco|Any CPU.ActiveCfg = Release|Any CPU
		{E31921B6-1BA5-49E9-801F-22ECD7841DDD}.Eco|Any CPU.Build.0 = Release|Any CPU
		{E31921B6-1BA5-49E9-801F-22ECD7841DDD}.Eco|boox.ActiveCfg = Release|Any CPU
		{E31921B6-1BA5-49E9-801F-22ECD7841DDD}.Eco|boox-1.4.ActiveCfg = Release|Any CPU
		{E31921B6-1BA5-49E9-801F-22ECD7841DDD}.Eco|iliad.ActiveCfg = Release|Any CPU
		{E31921B6-1BA5-49E9-801F-22ECD7841DDD}.Eco|PC.ActiveCfg = Release|Any CPU
		{E31921B6-1BA5-49E9-801F-22ECD7841DDD}.Platon-Debug|Any CPU.ActiveCfg = Debug|Any CPU
		{E31921B6-1BA5-49E9-801F-22ECD7841DDD}.Platon-Debug|Any CPU.Build.0 = Debug|Any CPU
		{E31921B6-1BA5-49E9-801F-22ECD7841DDD}.Platon-Debug|boox.ActiveCfg = Debug|Any CPU
		{E31921B6-1BA5-49E9-801F-22ECD7841DDD}.Platon-Debug|boox-1.4.ActiveCfg = Debug|Any CPU
		{E31921B6-1BA5-49E9-801F-22ECD7841DDD}.Platon-Debug|iliad.ActiveCfg = Debug|Any CPU
		{E31921B6-1BA5-49E9-801F-22ECD7841DDD}.Platon-Debug|PC.ActiveCfg = Debug|Any CPU
		{E31921B6-1BA5-49E9-801F-22ECD7841DDD}.Release|Any CPU.ActiveCfg = Release|Any CPU
		{E31921B6-1BA5-49E9-801F-22ECD7841DDD}.Release|Any CPU.Build.0 = Release|Any CPU
		{E31921B6-1BA5-49E9-801F-22ECD7841DDD}.Release|boox.ActiveCfg = Release|Any CPU
		{E31921B6-1BA5-49E9-801F-22ECD7841DDD}.Release|boox-1.4.ActiveCfg = Release|Any CPU
		{E31921B6-1BA5-49E9-801F-22ECD7841DDD}.Release|iliad.ActiveCfg = Release|Any CPU
		{E31921B6-1BA5-49E9-801F-22ECD7841DDD}.Release|PC.ActiveCfg = Release|Any CPU
		{E31921B6-1BA5-49E9-801F-22ECD7841DDD}.Release-Demo|Any CPU.ActiveCfg = Release|Any CPU
		{E31921B6-1BA5-49E9-801F-22ECD7841DDD}.Release-Demo|Any CPU.Build.0 = Release|Any CPU
		{E31921B6-1BA5-49E9-801F-22ECD7841DDD}.Release-Demo|boox.ActiveCfg = Release|Any CPU
		{E31921B6-1BA5-49E9-801F-22ECD7841DDD}.Release-Demo|boox-1.4.ActiveCfg = Release|Any CPU
		{E31921B6-1BA5-49E9-801F-22ECD7841DDD}.Release-Demo|iliad.ActiveCfg = Release|Any CPU
		{E31921B6-1BA5-49E9-801F-22ECD7841DDD}.Release-Demo|PC.ActiveCfg = Release|Any CPU
		{E31921B6-1BA5-49E9-801F-22ECD7841DDD}.Release-Mono|Any CPU.ActiveCfg = Release|Any CPU
		{E31921B6-1BA5-49E9-801F-22ECD7841DDD}.Release-Mono|Any CPU.Build.0 = Release|Any CPU
		{E31921B6-1BA5-49E9-801F-22ECD7841DDD}.Release-Mono|boox.ActiveCfg = Release|Any CPU
		{E31921B6-1BA5-49E9-801F-22ECD7841DDD}.Release-Mono|boox-1.4.ActiveCfg = Release|Any CPU
		{E31921B6-1BA5-49E9-801F-22ECD7841DDD}.Release-Mono|iliad.ActiveCfg = Release|Any CPU
		{E31921B6-1BA5-49E9-801F-22ECD7841DDD}.Release-Mono|PC.ActiveCfg = Release|Any CPU
		{38971E28-3483-465F-9FC3-69F9E733B743}.Debug|Any CPU.ActiveCfg = Debug|Any CPU
		{38971E28-3483-465F-9FC3-69F9E733B743}.Debug|Any CPU.Build.0 = Debug|Any CPU
		{38971E28-3483-465F-9FC3-69F9E733B743}.Debug|boox.ActiveCfg = Debug|Any CPU
		{38971E28-3483-465F-9FC3-69F9E733B743}.Debug|boox-1.4.ActiveCfg = Debug|Any CPU
		{38971E28-3483-465F-9FC3-69F9E733B743}.Debug|iliad.ActiveCfg = Debug|Any CPU
		{38971E28-3483-465F-9FC3-69F9E733B743}.Debug|PC.ActiveCfg = Debug|Any CPU
		{38971E28-3483-465F-9FC3-69F9E733B743}.Debug-Mono|Any CPU.ActiveCfg = Debug|Any CPU
		{38971E28-3483-465F-9FC3-69F9E733B743}.Debug-Mono|Any CPU.Build.0 = Debug|Any CPU
		{38971E28-3483-465F-9FC3-69F9E733B743}.Debug-Mono|boox.ActiveCfg = Debug|Any CPU
		{38971E28-3483-465F-9FC3-69F9E733B743}.Debug-Mono|boox-1.4.ActiveCfg = Debug|Any CPU
		{38971E28-3483-465F-9FC3-69F9E733B743}.Debug-Mono|iliad.ActiveCfg = Debug|Any CPU
		{38971E28-3483-465F-9FC3-69F9E733B743}.Debug-Mono|PC.ActiveCfg = Debug|Any CPU
		{38971E28-3483-465F-9FC3-69F9E733B743}.Eco|Any CPU.ActiveCfg = Release|Any CPU
		{38971E28-3483-465F-9FC3-69F9E733B743}.Eco|Any CPU.Build.0 = Release|Any CPU
		{38971E28-3483-465F-9FC3-69F9E733B743}.Eco|boox.ActiveCfg = Release|Any CPU
		{38971E28-3483-465F-9FC3-69F9E733B743}.Eco|boox-1.4.ActiveCfg = Release|Any CPU
		{38971E28-3483-465F-9FC3-69F9E733B743}.Eco|iliad.ActiveCfg = Release|Any CPU
		{38971E28-3483-465F-9FC3-69F9E733B743}.Eco|PC.ActiveCfg = Release|Any CPU
		{38971E28-3483-465F-9FC3-69F9E733B743}.Platon-Debug|Any CPU.ActiveCfg = Debug|Any CPU
		{38971E28-3483-465F-9FC3-69F9E733B743}.Platon-Debug|Any CPU.Build.0 = Debug|Any CPU
		{38971E28-3483-465F-9FC3-69F9E733B743}.Platon-Debug|boox.ActiveCfg = Debug|Any CPU
		{38971E28-3483-465F-9FC3-69F9E733B743}.Platon-Debug|boox-1.4.ActiveCfg = Debug|Any CPU
		{38971E28-3483-465F-9FC3-69F9E733B743}.Platon-Debug|iliad.ActiveCfg = Debug|Any CPU
		{38971E28-3483-465F-9FC3-69F9E733B743}.Platon-Debug|PC.ActiveCfg = Debug|Any CPU
		{38971E28-3483-465F-9FC3-69F9E733B743}.Release|Any CPU.ActiveCfg = Release|Any CPU
		{38971E28-3483-465F-9FC3-69F9E733B743}.Release|Any CPU.Build.0 = Release|Any CPU
		{38971E28-3483-465F-9FC3-69F9E733B743}.Release|boox.ActiveCfg = Release|Any CPU
		{38971E28-3483-465F-9FC3-69F9E733B743}.Release|boox-1.4.ActiveCfg = Release|Any CPU
		{38971E28-3483-465F-9FC3-69F9E733B743}.Release|iliad.ActiveCfg = Release|Any CPU
		{38971E28-3483-465F-9FC3-69F9E733B743}.Release|PC.ActiveCfg = Release|Any CPU
		{38971E28-3483-465F-9FC3-69F9E733B743}.Release-Demo|Any CPU.ActiveCfg = Release|Any CPU
		{38971E28-3483-465F-9FC3-69F9E733B743}.Release-Demo|Any CPU.Build.0 = Release|Any CPU
		{38971E28-3483-465F-9FC3-69F9E733B743}.Release-Demo|boox.ActiveCfg = Release|Any CPU
		{38971E28-3483-465F-9FC3-69F9E733B743}.Release-Demo|boox-1.4.ActiveCfg = Release|Any CPU
		{38971E28-3483-465F-9FC3-69F9E733B743}.Release-Demo|iliad.ActiveCfg = Release|Any CPU
		{38971E28-3483-465F-9FC3-69F9E733B743}.Release-Demo|PC.ActiveCfg = Release|Any CPU
		{38971E28-3483-465F-9FC3-69F9E733B743}.Release-Mono|Any CPU.ActiveCfg = Release|Any CPU
		{38971E28-3483-465F-9FC3-69F9E733B743}.Release-Mono|Any CPU.Build.0 = Release|Any CPU
		{38971E28-3483-465F-9FC3-69F9E733B743}.Release-Mono|boox.ActiveCfg = Release|Any CPU
		{38971E28-3483-465F-9FC3-69F9E733B743}.Release-Mono|boox-1.4.ActiveCfg = Release|Any CPU
		{38971E28-3483-465F-9FC3-69F9E733B743}.Release-Mono|iliad.ActiveCfg = Release|Any CPU
		{38971E28-3483-465F-9FC3-69F9E733B743}.Release-Mono|PC.ActiveCfg = Release|Any CPU
		{499C0FA8-9B6C-4590-926B-FF5061AE6C18}.Debug|Any CPU.ActiveCfg = Debug|Any CPU
		{499C0FA8-9B6C-4590-926B-FF5061AE6C18}.Debug|Any CPU.Build.0 = Debug|Any CPU
		{499C0FA8-9B6C-4590-926B-FF5061AE6C18}.Debug|boox.ActiveCfg = Debug|Any CPU
		{499C0FA8-9B6C-4590-926B-FF5061AE6C18}.Debug|boox-1.4.ActiveCfg = Debug|Any CPU
		{499C0FA8-9B6C-4590-926B-FF5061AE6C18}.Debug|iliad.ActiveCfg = Debug|Any CPU
		{499C0FA8-9B6C-4590-926B-FF5061AE6C18}.Debug|PC.ActiveCfg = Debug|Any CPU
		{499C0FA8-9B6C-4590-926B-FF5061AE6C18}.Debug-Mono|Any CPU.ActiveCfg = Debug|Any CPU
		{499C0FA8-9B6C-4590-926B-FF5061AE6C18}.Debug-Mono|Any CPU.Build.0 = Debug|Any CPU
		{499C0FA8-9B6C-4590-926B-FF5061AE6C18}.Debug-Mono|boox.ActiveCfg = Debug|Any CPU
		{499C0FA8-9B6C-4590-926B-FF5061AE6C18}.Debug-Mono|boox-1.4.ActiveCfg = Debug|Any CPU
		{499C0FA8-9B6C-4590-926B-FF5061AE6C18}.Debug-Mono|iliad.ActiveCfg = Debug|Any CPU
		{499C0FA8-9B6C-4590-926B-FF5061AE6C18}.Debug-Mono|PC.ActiveCfg = Debug|Any CPU
		{499C0FA8-9B6C-4590-926B-FF5061AE6C18}.Eco|Any CPU.ActiveCfg = Release|Any CPU
		{499C0FA8-9B6C-4590-926B-FF5061AE6C18}.Eco|Any CPU.Build.0 = Release|Any CPU
		{499C0FA8-9B6C-4590-926B-FF5061AE6C18}.Eco|boox.ActiveCfg = Release|Any CPU
		{499C0FA8-9B6C-4590-926B-FF5061AE6C18}.Eco|boox-1.4.ActiveCfg = Release|Any CPU
		{499C0FA8-9B6C-4590-926B-FF5061AE6C18}.Eco|iliad.ActiveCfg = Release|Any CPU
		{499C0FA8-9B6C-4590-926B-FF5061AE6C18}.Eco|PC.ActiveCfg = Release|Any CPU
		{499C0FA8-9B6C-4590-926B-FF5061AE6C18}.Platon-Debug|Any CPU.ActiveCfg = Debug|Any CPU
		{499C0FA8-9B6C-4590-926B-FF5061AE6C18}.Platon-Debug|Any CPU.Build.0 = Debug|Any CPU
		{499C0FA8-9B6C-4590-926B-FF5061AE6C18}.Platon-Debug|boox.ActiveCfg = Debug|Any CPU
		{499C0FA8-9B6C-4590-926B-FF5061AE6C18}.Platon-Debug|boox-1.4.ActiveCfg = Debug|Any CPU
		{499C0FA8-9B6C-4590-926B-FF5061AE6C18}.Platon-Debug|iliad.ActiveCfg = Debug|Any CPU
		{499C0FA8-9B6C-4590-926B-FF5061AE6C18}.Platon-Debug|PC.ActiveCfg = Debug|Any CPU
		{499C0FA8-9B6C-4590-926B-FF5061AE6C18}.Release|Any CPU.ActiveCfg = Release|Any CPU
		{499C0FA8-9B6C-4590-926B-FF5061AE6C18}.Release|Any CPU.Build.0 = Release|Any CPU
		{499C0FA8-9B6C-4590-926B-FF5061AE6C18}.Release|boox.ActiveCfg = Release|Any CPU
		{499C0FA8-9B6C-4590-926B-FF5061AE6C18}.Release|boox-1.4.ActiveCfg = Release|Any CPU
		{499C0FA8-9B6C-4590-926B-FF5061AE6C18}.Release|iliad.ActiveCfg = Release|Any CPU
		{499C0FA8-9B6C-4590-926B-FF5061AE6C18}.Release|PC.ActiveCfg = Release|Any CPU
		{499C0FA8-9B6C-4590-926B-FF5061AE6C18}.Release-Demo|Any CPU.ActiveCfg = Release|Any CPU
		{499C0FA8-9B6C-4590-926B-FF5061AE6C18}.Release-Demo|Any CPU.Build.0 = Release|Any CPU
		{499C0FA8-9B6C-4590-926B-FF5061AE6C18}.Release-Demo|boox.ActiveCfg = Release|Any CPU
		{499C0FA8-9B6C-4590-926B-FF5061AE6C18}.Release-Demo|boox-1.4.ActiveCfg = Release|Any CPU
		{499C0FA8-9B6C-4590-926B-FF5061AE6C18}.Release-Demo|iliad.ActiveCfg = Release|Any CPU
		{499C0FA8-9B6C-4590-926B-FF5061AE6C18}.Release-Demo|PC.ActiveCfg = Release|Any CPU
		{499C0FA8-9B6C-4590-926B-FF5061AE6C18}.Release-Mono|Any CPU.ActiveCfg = Release|Any CPU
		{499C0FA8-9B6C-4590-926B-FF5061AE6C18}.Release-Mono|Any CPU.Build.0 = Release|Any CPU
		{499C0FA8-9B6C-4590-926B-FF5061AE6C18}.Release-Mono|boox.ActiveCfg = Release|Any CPU
		{499C0FA8-9B6C-4590-926B-FF5061AE6C18}.Release-Mono|boox-1.4.ActiveCfg = Release|Any CPU
		{499C0FA8-9B6C-4590-926B-FF5061AE6C18}.Release-Mono|iliad.ActiveCfg = Release|Any CPU
		{499C0FA8-9B6C-4590-926B-FF5061AE6C18}.Release-Mono|PC.ActiveCfg = Release|Any CPU
		{8B8E0686-9266-4D09-9CDE-10E759571E4F}.Debug|Any CPU.ActiveCfg = Debug|Any CPU
		{8B8E0686-9266-4D09-9CDE-10E759571E4F}.Debug|Any CPU.Build.0 = Debug|Any CPU
		{8B8E0686-9266-4D09-9CDE-10E759571E4F}.Debug|boox.ActiveCfg = Debug|Any CPU
		{8B8E0686-9266-4D09-9CDE-10E759571E4F}.Debug|boox-1.4.ActiveCfg = Debug|Any CPU
		{8B8E0686-9266-4D09-9CDE-10E759571E4F}.Debug|iliad.ActiveCfg = Debug|Any CPU
		{8B8E0686-9266-4D09-9CDE-10E759571E4F}.Debug|PC.ActiveCfg = Debug|Any CPU
		{8B8E0686-9266-4D09-9CDE-10E759571E4F}.Debug-Mono|Any CPU.ActiveCfg = Debug|Any CPU
		{8B8E0686-9266-4D09-9CDE-10E759571E4F}.Debug-Mono|Any CPU.Build.0 = Debug|Any CPU
		{8B8E0686-9266-4D09-9CDE-10E759571E4F}.Debug-Mono|boox.ActiveCfg = Debug|Any CPU
		{8B8E0686-9266-4D09-9CDE-10E759571E4F}.Debug-Mono|boox-1.4.ActiveCfg = Debug|Any CPU
		{8B8E0686-9266-4D09-9CDE-10E759571E4F}.Debug-Mono|iliad.ActiveCfg = Debug|Any CPU
		{8B8E0686-9266-4D09-9CDE-10E759571E4F}.Debug-Mono|PC.ActiveCfg = Debug|Any CPU
		{8B8E0686-9266-4D09-9CDE-10E759571E4F}.Eco|Any CPU.ActiveCfg = Release|Any CPU
		{8B8E0686-9266-4D09-9CDE-10E759571E4F}.Eco|Any CPU.Build.0 = Release|Any CPU
		{8B8E0686-9266-4D09-9CDE-10E759571E4F}.Eco|boox.ActiveCfg = Release|Any CPU
		{8B8E0686-9266-4D09-9CDE-10E759571E4F}.Eco|boox-1.4.ActiveCfg = Release|Any CPU
		{8B8E0686-9266-4D09-9CDE-10E759571E4F}.Eco|iliad.ActiveCfg = Release|Any CPU
		{8B8E0686-9266-4D09-9CDE-10E759571E4F}.Eco|PC.ActiveCfg = Release|Any CPU
		{8B8E0686-9266-4D09-9CDE-10E759571E4F}.Platon-Debug|Any CPU.ActiveCfg = Debug|Any CPU
		{8B8E0686-9266-4D09-9CDE-10E759571E4F}.Platon-Debug|Any CPU.Build.0 = Debug|Any CPU
		{8B8E0686-9266-4D09-9CDE-10E759571E4F}.Platon-Debug|boox.ActiveCfg = Debug|Any CPU
		{8B8E0686-9266-4D09-9CDE-10E759571E4F}.Platon-Debug|boox-1.4.ActiveCfg = Debug|Any CPU
		{8B8E0686-9266-4D09-9CDE-10E759571E4F}.Platon-Debug|iliad.ActiveCfg = Debug|Any CPU
		{8B8E0686-9266-4D09-9CDE-10E759571E4F}.Platon-Debug|PC.ActiveCfg = Debug|Any CPU
		{8B8E0686-9266-4D09-9CDE-10E759571E4F}.Release|Any CPU.ActiveCfg = Release|Any CPU
		{8B8E0686-9266-4D09-9CDE-10E759571E4F}.Release|Any CPU.Build.0 = Release|Any CPU
		{8B8E0686-9266-4D09-9CDE-10E759571E4F}.Release|boox.ActiveCfg = Release|Any CPU
		{8B8E0686-9266-4D09-9CDE-10E759571E4F}.Release|boox-1.4.ActiveCfg = Release|Any CPU
		{8B8E0686-9266-4D09-9CDE-10E759571E4F}.Release|iliad.ActiveCfg = Release|Any CPU
		{8B8E0686-9266-4D09-9CDE-10E759571E4F}.Release|PC.ActiveCfg = Release|Any CPU
		{8B8E0686-9266-4D09-9CDE-10E759571E4F}.Release-Demo|Any CPU.ActiveCfg = Release|Any CPU
		{8B8E0686-9266-4D09-9CDE-10E759571E4F}.Release-Demo|Any CPU.Build.0 = Release|Any CPU
		{8B8E0686-9266-4D09-9CDE-10E759571E4F}.Release-Demo|boox.ActiveCfg = Release|Any CPU
		{8B8E0686-9266-4D09-9CDE-10E759571E4F}.Release-Demo|boox-1.4.ActiveCfg = Release|Any CPU
		{8B8E0686-9266-4D09-9CDE-10E759571E4F}.Release-Demo|iliad.ActiveCfg = Release|Any CPU
		{8B8E0686-9266-4D09-9CDE-10E759571E4F}.Release-Demo|PC.ActiveCfg = Release|Any CPU
		{8B8E0686-9266-4D09-9CDE-10E759571E4F}.Release-Mono|Any CPU.ActiveCfg = Release|Any CPU
		{8B8E0686-9266-4D09-9CDE-10E759571E4F}.Release-Mono|Any CPU.Build.0 = Release|Any CPU
		{8B8E0686-9266-4D09-9CDE-10E759571E4F}.Release-Mono|boox.ActiveCfg = Release|Any CPU
		{8B8E0686-9266-4D09-9CDE-10E759571E4F}.Release-Mono|boox-1.4.ActiveCfg = Release|Any CPU
		{8B8E0686-9266-4D09-9CDE-10E759571E4F}.Release-Mono|iliad.ActiveCfg = Release|Any CPU
		{8B8E0686-9266-4D09-9CDE-10E759571E4F}.Release-Mono|PC.ActiveCfg = Release|Any CPU
		{94E7DA4D-27BB-4FA0-AE95-47BBA597C20B}.Debug|Any CPU.ActiveCfg = Debug|Any CPU
		{94E7DA4D-27BB-4FA0-AE95-47BBA597C20B}.Debug|Any CPU.Build.0 = Debug|Any CPU
		{94E7DA4D-27BB-4FA0-AE95-47BBA597C20B}.Debug|boox.ActiveCfg = Debug|Any CPU
		{94E7DA4D-27BB-4FA0-AE95-47BBA597C20B}.Debug|boox-1.4.ActiveCfg = Debug|Any CPU
		{94E7DA4D-27BB-4FA0-AE95-47BBA597C20B}.Debug|iliad.ActiveCfg = Debug|Any CPU
		{94E7DA4D-27BB-4FA0-AE95-47BBA597C20B}.Debug|PC.ActiveCfg = Debug|Any CPU
		{94E7DA4D-27BB-4FA0-AE95-47BBA597C20B}.Debug-Mono|Any CPU.ActiveCfg = Debug|Any CPU
		{94E7DA4D-27BB-4FA0-AE95-47BBA597C20B}.Debug-Mono|Any CPU.Build.0 = Debug|Any CPU
		{94E7DA4D-27BB-4FA0-AE95-47BBA597C20B}.Debug-Mono|boox.ActiveCfg = Debug|Any CPU
		{94E7DA4D-27BB-4FA0-AE95-47BBA597C20B}.Debug-Mono|boox-1.4.ActiveCfg = Debug|Any CPU
		{94E7DA4D-27BB-4FA0-AE95-47BBA597C20B}.Debug-Mono|iliad.ActiveCfg = Debug|Any CPU
		{94E7DA4D-27BB-4FA0-AE95-47BBA597C20B}.Debug-Mono|PC.ActiveCfg = Debug|Any CPU
		{94E7DA4D-27BB-4FA0-AE95-47BBA597C20B}.Eco|Any CPU.ActiveCfg = Release|Any CPU
		{94E7DA4D-27BB-4FA0-AE95-47BBA597C20B}.Eco|Any CPU.Build.0 = Release|Any CPU
		{94E7DA4D-27BB-4FA0-AE95-47BBA597C20B}.Eco|boox.ActiveCfg = Release|Any CPU
		{94E7DA4D-27BB-4FA0-AE95-47BBA597C20B}.Eco|boox-1.4.ActiveCfg = Release|Any CPU
		{94E7DA4D-27BB-4FA0-AE95-47BBA597C20B}.Eco|iliad.ActiveCfg = Release|Any CPU
		{94E7DA4D-27BB-4FA0-AE95-47BBA597C20B}.Eco|PC.ActiveCfg = Release|Any CPU
		{94E7DA4D-27BB-4FA0-AE95-47BBA597C20B}.Platon-Debug|Any CPU.ActiveCfg = Debug|Any CPU
		{94E7DA4D-27BB-4FA0-AE95-47BBA597C20B}.Platon-Debug|Any CPU.Build.0 = Debug|Any CPU
		{94E7DA4D-27BB-4FA0-AE95-47BBA597C20B}.Platon-Debug|boox.ActiveCfg = Debug|Any CPU
		{94E7DA4D-27BB-4FA0-AE95-47BBA597C20B}.Platon-Debug|boox-1.4.ActiveCfg = Debug|Any CPU
		{94E7DA4D-27BB-4FA0-AE95-47BBA597C20B}.Platon-Debug|iliad.ActiveCfg = Debug|Any CPU
		{94E7DA4D-27BB-4FA0-AE95-47BBA597C20B}.Platon-Debug|PC.ActiveCfg = Debug|Any CPU
		{94E7DA4D-27BB-4FA0-AE95-47BBA597C20B}.Release|Any CPU.ActiveCfg = Release|Any CPU
		{94E7DA4D-27BB-4FA0-AE95-47BBA597C20B}.Release|Any CPU.Build.0 = Release|Any CPU
		{94E7DA4D-27BB-4FA0-AE95-47BBA597C20B}.Release|boox.ActiveCfg = Release|Any CPU
		{94E7DA4D-27BB-4FA0-AE95-47BBA597C20B}.Release|boox-1.4.ActiveCfg = Release|Any CPU
		{94E7DA4D-27BB-4FA0-AE95-47BBA597C20B}.Release|iliad.ActiveCfg = Release|Any CPU
		{94E7DA4D-27BB-4FA0-AE95-47BBA597C20B}.Release|PC.ActiveCfg = Release|Any CPU
		{94E7DA4D-27BB-4FA0-AE95-47BBA597C20B}.Release-Demo|Any CPU.ActiveCfg = Release|Any CPU
		{94E7DA4D-27BB-4FA0-AE95-47BBA597C20B}.Release-Demo|Any CPU.Build.0 = Release|Any CPU
		{94E7DA4D-27BB-4FA0-AE95-47BBA597C20B}.Release-Demo|boox.ActiveCfg = Release|Any CPU
		{94E7DA4D-27BB-4FA0-AE95-47BBA597C20B}.Release-Demo|boox-1.4.ActiveCfg = Release|Any CPU
		{94E7DA4D-27BB-4FA0-AE95-47BBA597C20B}.Release-Demo|iliad.ActiveCfg = Release|Any CPU
		{94E7DA4D-27BB-4FA0-AE95-47BBA597C20B}.Release-Demo|PC.ActiveCfg = Release|Any CPU
		{94E7DA4D-27BB-4FA0-AE95-47BBA597C20B}.Release-Mono|Any CPU.ActiveCfg = Release|Any CPU
		{94E7DA4D-27BB-4FA0-AE95-47BBA597C20B}.Release-Mono|Any CPU.Build.0 = Release|Any CPU
		{94E7DA4D-27BB-4FA0-AE95-47BBA597C20B}.Release-Mono|boox.ActiveCfg = Release|Any CPU
		{94E7DA4D-27BB-4FA0-AE95-47BBA597C20B}.Release-Mono|boox-1.4.ActiveCfg = Release|Any CPU
		{94E7DA4D-27BB-4FA0-AE95-47BBA597C20B}.Release-Mono|iliad.ActiveCfg = Release|Any CPU
		{94E7DA4D-27BB-4FA0-AE95-47BBA597C20B}.Release-Mono|PC.ActiveCfg = Release|Any CPU
		{64019F0D-A399-484E-9011-312F2B211525}.Debug|Any CPU.ActiveCfg = Debug|Any CPU
		{64019F0D-A399-484E-9011-312F2B211525}.Debug|Any CPU.Build.0 = Debug|Any CPU
		{64019F0D-A399-484E-9011-312F2B211525}.Debug|boox.ActiveCfg = Debug|Any CPU
		{64019F0D-A399-484E-9011-312F2B211525}.Debug|boox-1.4.ActiveCfg = Debug|Any CPU
		{64019F0D-A399-484E-9011-312F2B211525}.Debug|iliad.ActiveCfg = Debug|Any CPU
		{64019F0D-A399-484E-9011-312F2B211525}.Debug|PC.ActiveCfg = Debug|Any CPU
		{64019F0D-A399-484E-9011-312F2B211525}.Debug-Mono|Any CPU.ActiveCfg = Debug|Any CPU
		{64019F0D-A399-484E-9011-312F2B211525}.Debug-Mono|Any CPU.Build.0 = Debug|Any CPU
		{64019F0D-A399-484E-9011-312F2B211525}.Debug-Mono|boox.ActiveCfg = Debug|Any CPU
		{64019F0D-A399-484E-9011-312F2B211525}.Debug-Mono|boox-1.4.ActiveCfg = Debug|Any CPU
		{64019F0D-A399-484E-9011-312F2B211525}.Debug-Mono|iliad.ActiveCfg = Debug|Any CPU
		{64019F0D-A399-484E-9011-312F2B211525}.Debug-Mono|PC.ActiveCfg = Debug|Any CPU
		{64019F0D-A399-484E-9011-312F2B211525}.Eco|Any CPU.ActiveCfg = Release-Demo|Any CPU
		{64019F0D-A399-484E-9011-312F2B211525}.Eco|Any CPU.Build.0 = Release-Demo|Any CPU
		{64019F0D-A399-484E-9011-312F2B211525}.Eco|boox.ActiveCfg = Release-Demo|Any CPU
		{64019F0D-A399-484E-9011-312F2B211525}.Eco|boox-1.4.ActiveCfg = Release-Demo|Any CPU
		{64019F0D-A399-484E-9011-312F2B211525}.Eco|iliad.ActiveCfg = Release-Demo|Any CPU
		{64019F0D-A399-484E-9011-312F2B211525}.Eco|PC.ActiveCfg = Release-Demo|Any CPU
		{64019F0D-A399-484E-9011-312F2B211525}.Platon-Debug|Any CPU.ActiveCfg = Debug|Any CPU
		{64019F0D-A399-484E-9011-312F2B211525}.Platon-Debug|Any CPU.Build.0 = Debug|Any CPU
		{64019F0D-A399-484E-9011-312F2B211525}.Platon-Debug|boox.ActiveCfg = Debug|Any CPU
		{64019F0D-A399-484E-9011-312F2B211525}.Platon-Debug|boox-1.4.ActiveCfg = Debug|Any CPU
		{64019F0D-A399-484E-9011-312F2B211525}.Platon-Debug|iliad.ActiveCfg = Debug|Any CPU
		{64019F0D-A399-484E-9011-312F2B211525}.Platon-Debug|PC.ActiveCfg = Debug|Any CPU
		{64019F0D-A399-484E-9011-312F2B211525}.Release|Any CPU.ActiveCfg = Release|Any CPU
		{64019F0D-A399-484E-9011-312F2B211525}.Release|Any CPU.Build.0 = Release|Any CPU
		{64019F0D-A399-484E-9011-312F2B211525}.Release|boox.ActiveCfg = Release|Any CPU
		{64019F0D-A399-484E-9011-312F2B211525}.Release|boox-1.4.ActiveCfg = Release|Any CPU
		{64019F0D-A399-484E-9011-312F2B211525}.Release|iliad.ActiveCfg = Release|Any CPU
		{64019F0D-A399-484E-9011-312F2B211525}.Release|PC.ActiveCfg = Release|Any CPU
		{64019F0D-A399-484E-9011-312F2B211525}.Release-Demo|Any CPU.ActiveCfg = Release-Demo|Any CPU
		{64019F0D-A399-484E-9011-312F2B211525}.Release-Demo|Any CPU.Build.0 = Release-Demo|Any CPU
		{64019F0D-A399-484E-9011-312F2B211525}.Release-Demo|boox.ActiveCfg = Release-Demo|Any CPU
		{64019F0D-A399-484E-9011-312F2B211525}.Release-Demo|boox-1.4.ActiveCfg = Release-Demo|Any CPU
		{64019F0D-A399-484E-9011-312F2B211525}.Release-Demo|iliad.ActiveCfg = Release-Demo|Any CPU
		{64019F0D-A399-484E-9011-312F2B211525}.Release-Demo|PC.ActiveCfg = Release-Demo|Any CPU
		{64019F0D-A399-484E-9011-312F2B211525}.Release-Mono|Any CPU.ActiveCfg = Release-Demo|Any CPU
		{64019F0D-A399-484E-9011-312F2B211525}.Release-Mono|Any CPU.Build.0 = Release-Demo|Any CPU
		{64019F0D-A399-484E-9011-312F2B211525}.Release-Mono|boox.ActiveCfg = Release-Demo|Any CPU
		{64019F0D-A399-484E-9011-312F2B211525}.Release-Mono|boox-1.4.ActiveCfg = Release-Demo|Any CPU
		{64019F0D-A399-484E-9011-312F2B211525}.Release-Mono|iliad.ActiveCfg = Release-Demo|Any CPU
		{64019F0D-A399-484E-9011-312F2B211525}.Release-Mono|PC.ActiveCfg = Release-Demo|Any CPU
	EndGlobalSection
	GlobalSection(SolutionProperties) = preSolution
		HideSolutionNode = FALSE
	EndGlobalSection
	GlobalSection(NestedProjects) = preSolution
		{499C0FA8-9B6C-4590-926B-FF5061AE6C18} = {9364934C-2D3A-451D-8C82-177218CBE9DD}
		{8B8E0686-9266-4D09-9CDE-10E759571E4F} = {9364934C-2D3A-451D-8C82-177218CBE9DD}
	EndGlobalSection
	GlobalSection(CodealikeProperties) = postSolution
		SolutionGuid = 5e01a267-1b90-4a8e-89fc-f065eec8ff96
	EndGlobalSection
EndGlobal
