Microsoft Visual Studio Solution File, Format Version 12.00
# Visual Studio 14
VisualStudioVersion = 14.0.24720.0
MinimumVisualStudioVersion = 10.0.40219.1
Project("{FAE04EC0-301F-11D3-BF4B-00C04F79EFBC}") = "Core.LibraryNuget1", "..\..\src\Core\Core.Library1\Core.LibraryNuget1.csproj", "{8F1B55DD-15AB-4ACB-9206-84BA2122F60F}"
EndProject
Project("{FAE04EC0-301F-11D3-BF4B-00C04F79EFBC}") = "Console1", "..\..\src\Console\Console1\Console1.csproj", "{3DB72011-6C72-449B-9D9B-EE9A5A037B2A}"
EndProject
Project("{FAE04EC0-301F-11D3-BF4B-00C04F79EFBC}") = "Core.LibraryProject2", "..\..\src\Core\Core.Library2\Core.LibraryProject2.csproj", "{65A97165-F248-412B-803C-0CEA8936311C}"
EndProject
Project("{2150E333-8FDC-42A3-9474-1A3956D46DE8}") = "Solution Items", "Solution Items", "{06267895-305D-4779-8150-DC854AF52D18}"
	ProjectSection(SolutionItems) = preProject
		..\..\nuget.config = ..\..\nuget.config
	EndProjectSection
EndProject
Project("{2150E333-8FDC-42A3-9474-1A3956D46DE8}") = "console", "console", "{9B1AA15F-DF81-4ADA-B227-442ADD6A5127}"
EndProject
Project("{2150E333-8FDC-42A3-9474-1A3956D46DE8}") = "core", "core", "{9310CDE8-9395-49EE-91BC-C45448DB9661}"
EndProject
Project("{FAE04EC0-301F-11D3-BF4B-00C04F79EFBC}") = "Core.Core", "..\..\src\Core\Core.Core\Core.Core.csproj", "{34C25F06-26F0-4938-ACE3-B5D373E89BA9}"
EndProject
Project("{FAE04EC0-301F-11D3-BF4B-00C04F79EFBC}") = "Core.Logging", "..\..\src\Core\Core.Logging\Core.Logging.csproj", "{649BAA89-CE44-45F3-9DD3-F16780223429}"
EndProject
Project("{2150E333-8FDC-42A3-9474-1A3956D46DE8}") = "level1", "level1", "{8CBE35B7-2B7A-47EE-AB27-9C49C6A4CAC3}"
EndProject
Project("{2150E333-8FDC-42A3-9474-1A3956D46DE8}") = "level2", "level2", "{43E8B715-61C3-41B2-88A1-420225DBCD4A}"
EndProject
Project("{2150E333-8FDC-42A3-9474-1A3956D46DE8}") = "level3", "level3", "{CB5BCC30-39AC-426F-ACD3-74F03A7CD808}"
EndProject
Global
	GlobalSection(SolutionConfigurationPlatforms) = preSolution
		Debug|Any CPU = Debug|Any CPU
		Release|Any CPU = Release|Any CPU
	EndGlobalSection
	GlobalSection(ProjectConfigurationPlatforms) = postSolution
		{8F1B55DD-15AB-4ACB-9206-84BA2122F60F}.Debug|Any CPU.ActiveCfg = Debug|Any CPU
		{8F1B55DD-15AB-4ACB-9206-84BA2122F60F}.Debug|Any CPU.Build.0 = Debug|Any CPU
		{8F1B55DD-15AB-4ACB-9206-84BA2122F60F}.Release|Any CPU.ActiveCfg = Release|Any CPU
		{8F1B55DD-15AB-4ACB-9206-84BA2122F60F}.Release|Any CPU.Build.0 = Release|Any CPU
		{3DB72011-6C72-449B-9D9B-EE9A5A037B2A}.Debug|Any CPU.ActiveCfg = Debug|Any CPU
		{3DB72011-6C72-449B-9D9B-EE9A5A037B2A}.Debug|Any CPU.Build.0 = Debug|Any CPU
		{3DB72011-6C72-449B-9D9B-EE9A5A037B2A}.Release|Any CPU.ActiveCfg = Release|Any CPU
		{3DB72011-6C72-449B-9D9B-EE9A5A037B2A}.Release|Any CPU.Build.0 = Release|Any CPU
		{65A97165-F248-412B-803C-0CEA8936311C}.Debug|Any CPU.ActiveCfg = Debug|Any CPU
		{65A97165-F248-412B-803C-0CEA8936311C}.Debug|Any CPU.Build.0 = Debug|Any CPU
		{65A97165-F248-412B-803C-0CEA8936311C}.Release|Any CPU.ActiveCfg = Release|Any CPU
		{65A97165-F248-412B-803C-0CEA8936311C}.Release|Any CPU.Build.0 = Release|Any CPU
		{34C25F06-26F0-4938-ACE3-B5D373E89BA9}.Debug|Any CPU.ActiveCfg = Debug|Any CPU
		{34C25F06-26F0-4938-ACE3-B5D373E89BA9}.Debug|Any CPU.Build.0 = Debug|Any CPU
		{34C25F06-26F0-4938-ACE3-B5D373E89BA9}.Release|Any CPU.ActiveCfg = Release|Any CPU
		{34C25F06-26F0-4938-ACE3-B5D373E89BA9}.Release|Any CPU.Build.0 = Release|Any CPU
		{649BAA89-CE44-45F3-9DD3-F16780223429}.Debug|Any CPU.ActiveCfg = Debug|Any CPU
		{649BAA89-CE44-45F3-9DD3-F16780223429}.Debug|Any CPU.Build.0 = Debug|Any CPU
		{649BAA89-CE44-45F3-9DD3-F16780223429}.Release|Any CPU.ActiveCfg = Release|Any CPU
		{649BAA89-CE44-45F3-9DD3-F16780223429}.Release|Any CPU.Build.0 = Release|Any CPU
	EndGlobalSection
	GlobalSection(SolutionProperties) = preSolution
		HideSolutionNode = FALSE
	EndGlobalSection
	GlobalSection(NestedProjects) = preSolution
		{8F1B55DD-15AB-4ACB-9206-84BA2122F60F} = {CB5BCC30-39AC-426F-ACD3-74F03A7CD808}
		{3DB72011-6C72-449B-9D9B-EE9A5A037B2A} = {9B1AA15F-DF81-4ADA-B227-442ADD6A5127}
		{65A97165-F248-412B-803C-0CEA8936311C} = {CB5BCC30-39AC-426F-ACD3-74F03A7CD808}
		{34C25F06-26F0-4938-ACE3-B5D373E89BA9} = {43E8B715-61C3-41B2-88A1-420225DBCD4A}
		{649BAA89-CE44-45F3-9DD3-F16780223429} = {8CBE35B7-2B7A-47EE-AB27-9C49C6A4CAC3}
		{8CBE35B7-2B7A-47EE-AB27-9C49C6A4CAC3} = {9310CDE8-9395-49EE-91BC-C45448DB9661}
		{43E8B715-61C3-41B2-88A1-420225DBCD4A} = {9310CDE8-9395-49EE-91BC-C45448DB9661}
		{CB5BCC30-39AC-426F-ACD3-74F03A7CD808} = {9310CDE8-9395-49EE-91BC-C45448DB9661}
	EndGlobalSection
EndGlobal
