
Microsoft Visual Studio Solution File, Format Version 12.00
# Visual Studio 14
VisualStudioVersion = 14.0.24720.0
MinimumVisualStudioVersion = 10.0.40219.1
Project("{FAE04EC0-301F-11D3-BF4B-00C04F79EFBC}") = "Core.Library1", "..\..\src\Core\Core.Library1\Core.Library1.csproj", "{8F1B55DD-15AB-4ACB-9206-84BA2122F60F}"
EndProject
Project("{FAE04EC0-301F-11D3-BF4B-00C04F79EFBC}") = "Console1", "..\..\src\Console\Console1\Console1.csproj", "{3DB72011-6C72-449B-9D9B-EE9A5A037B2A}"
EndProject
Global
	GlobalSection(SolutionConfigurationPlatforms) = preSolution
		Debug|Any CPU = Debug|Any CPU
		Release|Any CPU = Release|Any CPU
	EndGlobalSection
	GlobalSection(ProjectConfigurationPlatforms) = postSolution
		{8F1B55DD-15AB-4ACB-9206-84BA2122F60F}.Debug|Any CPU.ActiveCfg = Debug|Any CPU
		{8F1B55DD-15AB-4ACB-9206-84BA2122F60F}.Debug|Any CPU.Build.0 = Debug|Any CPU
		{8F1B55DD-15AB-4ACB-9206-84BA2122F60F}.Release|Any CPU.ActiveCfg = Release|Any CPU
		{8F1B55DD-15AB-4ACB-9206-84BA2122F60F}.Release|Any CPU.Build.0 = Release|Any CPU
		{3DB72011-6C72-449B-9D9B-EE9A5A037B2A}.Debug|Any CPU.ActiveCfg = Debug|Any CPU
		{3DB72011-6C72-449B-9D9B-EE9A5A037B2A}.Debug|Any CPU.Build.0 = Debug|Any CPU
		{3DB72011-6C72-449B-9D9B-EE9A5A037B2A}.Release|Any CPU.ActiveCfg = Release|Any CPU
		{3DB72011-6C72-449B-9D9B-EE9A5A037B2A}.Release|Any CPU.Build.0 = Release|Any CPU
	EndGlobalSection
	GlobalSection(SolutionProperties) = preSolution
		HideSolutionNode = FALSE
	EndGlobalSection
EndGlobal
